
Microsoft Visual Studio Solution File, Format Version 12.00
# Visual Studio Version 16
VisualStudioVersion = 16.0.29201.188
MinimumVisualStudioVersion = 10.0.40219.1
Project("{FAE04EC0-301F-11D3-BF4B-00C04F79EFBC}") = "AD_Project", "AD_Project.csproj", "{CC78130B-076C-4A64-95AF-61386C041214}"
EndProject
Global
	GlobalSection(SolutionConfigurationPlatforms) = preSolution
		Debug|Any CPU = Debug|Any CPU
		Release|Any CPU = Release|Any CPU
	EndGlobalSection
	GlobalSection(ProjectConfigurationPlatforms) = postSolution
		{CC78130B-076C-4A64-95AF-61386C041214}.Debug|Any CPU.ActiveCfg = Debug|Any CPU
		{CC78130B-076C-4A64-95AF-61386C041214}.Debug|Any CPU.Build.0 = Debug|Any CPU
		{CC78130B-076C-4A64-95AF-61386C041214}.Release|Any CPU.ActiveCfg = Release|Any CPU
		{CC78130B-076C-4A64-95AF-61386C041214}.Release|Any CPU.Build.0 = Release|Any CPU
	EndGlobalSection
	GlobalSection(SolutionProperties) = preSolution
		HideSolutionNode = FALSE
	EndGlobalSection
	GlobalSection(ExtensibilityGlobals) = postSolution
		SolutionGuid = {07ECC850-CD43-489F-9F3F-77B75D2641A0}
	EndGlobalSection
EndGlobal
